
Microsoft Visual Studio Solution File, Format Version 12.00
# Visual Studio Version 17
VisualStudioVersion = 17.5.33627.172
MinimumVisualStudioVersion = 10.0.40219.1
Project("{FAE04EC0-301F-11D3-BF4B-00C04F79EFBC}") = "SCHXCONFUSION", "SCHXCONFUSION\SCHXCONFUSION.csproj", "{0029A9EC-9575-4039-8E83-BD9097CC410D}"
EndProject
Global
	GlobalSection(SolutionConfigurationPlatforms) = preSolution
		Debug|Any CPU = Debug|Any CPU
		Release|Any CPU = Release|Any CPU
	EndGlobalSection
	GlobalSection(ProjectConfigurationPlatforms) = postSolution
		{0029A9EC-9575-4039-8E83-BD9097CC410D}.Debug|Any CPU.ActiveCfg = Debug|Any CPU
		{0029A9EC-9575-4039-8E83-BD9097CC410D}.Debug|Any CPU.Build.0 = Debug|Any CPU
		{0029A9EC-9575-4039-8E83-BD9097CC410D}.Release|Any CPU.ActiveCfg = Release|Any CPU
		{0029A9EC-9575-4039-8E83-BD9097CC410D}.Release|Any CPU.Build.0 = Release|Any CPU
	EndGlobalSection
	GlobalSection(SolutionProperties) = preSolution
		HideSolutionNode = FALSE
	EndGlobalSection
	GlobalSection(ExtensibilityGlobals) = postSolution
		SolutionGuid = {92371437-13C0-4A81-8926-2FEA9DE1CA03}
	EndGlobalSection
EndGlobal
